
Microsoft Visual Studio Solution File, Format Version 12.00
EndProject
Project("{FAE04EC0-301F-11D3-BF4B-00C04F79EFBC}") = "Sunset.Parser", "src\Sunset.Parser\Sunset.Parser.csproj", "{D5C225BC-B474-42FD-845B-2EDAEEDED3E5}"
EndProject
Project("{FAE04EC0-301F-11D3-BF4B-00C04F79EFBC}") = "Sunset.TestHelpers", "tests\Sunset.TestHelpers\Sunset.TestHelpers.csproj", "{D4EA8B06-2806-465E-AEFB-4FDE330F246F}"
EndProject
Project("{FAE04EC0-301F-11D3-BF4B-00C04F79EFBC}") = "Sunset.Parser.Test", "tests\Sunset.Parser.Test\Sunset.Parser.Test.csproj", "{726AE4F4-924D-492B-B32E-D8DD89A6E1BF}"
EndProject
Project("{FAE04EC0-301F-11D3-BF4B-00C04F79EFBC}") = "Sunset.Docsite", "src\Sunset.Docsite\Sunset.Docsite.csproj", "{B994BAAE-BB10-4F7B-A860-366D764C026D}"
EndProject
Project("{FAE04EC0-301F-11D3-BF4B-00C04F79EFBC}") = "Sunset.Quantities", "src\Sunset.Quantities\Sunset.Quantities.csproj", "{69126D7F-70E4-4325-ACBE-0C22A8023CDC}"
EndProject
Project("{FAE04EC0-301F-11D3-BF4B-00C04F79EFBC}") = "Sunset.Quantities.Test", "tests\Sunset.Quantities.Test\Sunset.Quantities.Test.csproj", "{14639AEF-1CB4-4FEF-85AC-494F4C0EE1CF}"
EndProject
Project("{FAE04EC0-301F-11D3-BF4B-00C04F79EFBC}") = "Sunset.Markdown", "src\Sunset.Markdown\Sunset.Markdown.csproj", "{48096ACA-3749-4C09-8FC2-2E40E5F4AF08}"
EndProject
Project("{FAE04EC0-301F-11D3-BF4B-00C04F79EFBC}") = "Sunset.Markdown.Tests", "tests\Sunset.Markdown.Tests\Sunset.Markdown.Tests.csproj", "{C012CAA3-5E71-46C3-9E94-568253BC37F3}"
EndProject
Global
	GlobalSection(SolutionConfigurationPlatforms) = preSolution
		Debug|Any CPU = Debug|Any CPU
		Release|Any CPU = Release|Any CPU
	EndGlobalSection
	GlobalSection(ProjectConfigurationPlatforms) = postSolution
		{D4EA8B06-2806-465E-AEFB-4FDE330F246F}.Debug|Any CPU.ActiveCfg = Debug|Any CPU
		{D4EA8B06-2806-465E-AEFB-4FDE330F246F}.Debug|Any CPU.Build.0 = Debug|Any CPU
		{D4EA8B06-2806-465E-AEFB-4FDE330F246F}.Release|Any CPU.ActiveCfg = Release|Any CPU
		{D4EA8B06-2806-465E-AEFB-4FDE330F246F}.Release|Any CPU.Build.0 = Release|Any CPU
		{D5C225BC-B474-42FD-845B-2EDAEEDED3E5}.Debug|Any CPU.ActiveCfg = Debug|Any CPU
		{D5C225BC-B474-42FD-845B-2EDAEEDED3E5}.Debug|Any CPU.Build.0 = Debug|Any CPU
		{D5C225BC-B474-42FD-845B-2EDAEEDED3E5}.Release|Any CPU.ActiveCfg = Release|Any CPU
		{D5C225BC-B474-42FD-845B-2EDAEEDED3E5}.Release|Any CPU.Build.0 = Release|Any CPU
		{726AE4F4-924D-492B-B32E-D8DD89A6E1BF}.Debug|Any CPU.ActiveCfg = Debug|Any CPU
		{726AE4F4-924D-492B-B32E-D8DD89A6E1BF}.Debug|Any CPU.Build.0 = Debug|Any CPU
		{726AE4F4-924D-492B-B32E-D8DD89A6E1BF}.Release|Any CPU.ActiveCfg = Release|Any CPU
		{726AE4F4-924D-492B-B32E-D8DD89A6E1BF}.Release|Any CPU.Build.0 = Release|Any CPU
		{B994BAAE-BB10-4F7B-A860-366D764C026D}.Debug|Any CPU.ActiveCfg = Debug|Any CPU
		{B994BAAE-BB10-4F7B-A860-366D764C026D}.Debug|Any CPU.Build.0 = Debug|Any CPU
		{B994BAAE-BB10-4F7B-A860-366D764C026D}.Release|Any CPU.ActiveCfg = Release|Any CPU
		{B994BAAE-BB10-4F7B-A860-366D764C026D}.Release|Any CPU.Build.0 = Release|Any CPU
		{69126D7F-70E4-4325-ACBE-0C22A8023CDC}.Debug|Any CPU.ActiveCfg = Debug|Any CPU
		{69126D7F-70E4-4325-ACBE-0C22A8023CDC}.Debug|Any CPU.Build.0 = Debug|Any CPU
		{69126D7F-70E4-4325-ACBE-0C22A8023CDC}.Release|Any CPU.ActiveCfg = Release|Any CPU
		{69126D7F-70E4-4325-ACBE-0C22A8023CDC}.Release|Any CPU.Build.0 = Release|Any CPU
		{14639AEF-1CB4-4FEF-85AC-494F4C0EE1CF}.Debug|Any CPU.ActiveCfg = Debug|Any CPU
		{14639AEF-1CB4-4FEF-85AC-494F4C0EE1CF}.Debug|Any CPU.Build.0 = Debug|Any CPU
		{14639AEF-1CB4-4FEF-85AC-494F4C0EE1CF}.Release|Any CPU.ActiveCfg = Release|Any CPU
		{14639AEF-1CB4-4FEF-85AC-494F4C0EE1CF}.Release|Any CPU.Build.0 = Release|Any CPU
		{48096ACA-3749-4C09-8FC2-2E40E5F4AF08}.Debug|Any CPU.ActiveCfg = Debug|Any CPU
		{48096ACA-3749-4C09-8FC2-2E40E5F4AF08}.Debug|Any CPU.Build.0 = Debug|Any CPU
		{48096ACA-3749-4C09-8FC2-2E40E5F4AF08}.Release|Any CPU.ActiveCfg = Release|Any CPU
		{48096ACA-3749-4C09-8FC2-2E40E5F4AF08}.Release|Any CPU.Build.0 = Release|Any CPU
		{C012CAA3-5E71-46C3-9E94-568253BC37F3}.Debug|Any CPU.ActiveCfg = Debug|Any CPU
		{C012CAA3-5E71-46C3-9E94-568253BC37F3}.Debug|Any CPU.Build.0 = Debug|Any CPU
		{C012CAA3-5E71-46C3-9E94-568253BC37F3}.Release|Any CPU.ActiveCfg = Release|Any CPU
		{C012CAA3-5E71-46C3-9E94-568253BC37F3}.Release|Any CPU.Build.0 = Release|Any CPU
	EndGlobalSection
EndGlobal
