
Microsoft Visual Studio Solution File, Format Version 12.00
EndProject
Project("{FAE04EC0-301F-11D3-BF4B-00C04F79EFBC}") = "Sunset.TestHelpers", "src\Sunset.TestHelpers\Sunset.TestHelpers.csproj", "{D4EA8B06-2806-465E-AEFB-4FDE330F246F}"
EndProject
Project("{FAE04EC0-301F-11D3-BF4B-00C04F79EFBC}") = "Sunset.Parser", "Sunset.Parser\Sunset.Parser.csproj", "{D5C225BC-B474-42FD-845B-2EDAEEDED3E5}"
EndProject
Project("{FAE04EC0-301F-11D3-BF4B-00C04F79EFBC}") = "Sunset.Parser.Test", "Sunset.Parser.Test\Sunset.Parser.Test.csproj", "{726AE4F4-924D-492B-B32E-D8DD89A6E1BF}"
EndProject
Global
	GlobalSection(SolutionConfigurationPlatforms) = preSolution
		Debug|Any CPU = Debug|Any CPU
		Release|Any CPU = Release|Any CPU
	EndGlobalSection
	GlobalSection(ProjectConfigurationPlatforms) = postSolution
		{D4EA8B06-2806-465E-AEFB-4FDE330F246F}.Debug|Any CPU.ActiveCfg = Debug|Any CPU
		{D4EA8B06-2806-465E-AEFB-4FDE330F246F}.Debug|Any CPU.Build.0 = Debug|Any CPU
		{D4EA8B06-2806-465E-AEFB-4FDE330F246F}.Release|Any CPU.ActiveCfg = Release|Any CPU
		{D4EA8B06-2806-465E-AEFB-4FDE330F246F}.Release|Any CPU.Build.0 = Release|Any CPU
		{D5C225BC-B474-42FD-845B-2EDAEEDED3E5}.Debug|Any CPU.ActiveCfg = Debug|Any CPU
		{D5C225BC-B474-42FD-845B-2EDAEEDED3E5}.Debug|Any CPU.Build.0 = Debug|Any CPU
		{D5C225BC-B474-42FD-845B-2EDAEEDED3E5}.Release|Any CPU.ActiveCfg = Release|Any CPU
		{D5C225BC-B474-42FD-845B-2EDAEEDED3E5}.Release|Any CPU.Build.0 = Release|Any CPU
		{726AE4F4-924D-492B-B32E-D8DD89A6E1BF}.Debug|Any CPU.ActiveCfg = Debug|Any CPU
		{726AE4F4-924D-492B-B32E-D8DD89A6E1BF}.Debug|Any CPU.Build.0 = Debug|Any CPU
		{726AE4F4-924D-492B-B32E-D8DD89A6E1BF}.Release|Any CPU.ActiveCfg = Release|Any CPU
		{726AE4F4-924D-492B-B32E-D8DD89A6E1BF}.Release|Any CPU.Build.0 = Release|Any CPU
	EndGlobalSection
EndGlobal
